{
  "pins" : [
    {
      "identity" : "opentimelineio-avfoundation",
      "kind" : "remoteSourceControl",
      "location" : "https://github.com/Synopsis/OpenTimelineIO-AVFoundation/",
      "state" : {
        "branch" : "main",
        "revision" : "cdf2c7d5c740a2b9f0d4e020225286a476224033"
      }
    },
    {
      "identity" : "opentimelineio-swift-bindings",
      "kind" : "remoteSourceControl",
      "location" : "https://github.com/openTimelineIO/OpenTimelineIO-Swift-Bindings",
      "state" : {
        "branch" : "main",
        "revision" : "10973f2c0fe3e3c6d9121112928d1d65f0d65aeb"
      }
    },
    {
      "identity" : "timecodekit",
      "kind" : "remoteSourceControl",
      "location" : "https://github.com/orchetect/TimecodeKit",
      "state" : {
        "branch" : "main",
        "revision" : "c5b8de894bc52d691cbc2d6ed974670bea741230"
      }
    }
  ],
  "version" : 2
}
