{
  "pins" : [
    {
      "identity" : "opentimelineio-avfoundation",
      "kind" : "remoteSourceControl",
      "location" : "https://github.com/Synopsis/OpenTimelineIO-AVFoundation/",
      "state" : {
        "branch" : "main",
        "revision" : "8199878a9bc5a1dd69621b5329fe503d46efec95"
      }
    },
    {
      "identity" : "opentimelineio-swift-bindings",
      "kind" : "remoteSourceControl",
      "location" : "https://github.com/openTimelineIO/OpenTimelineIO-Swift-Bindings",
      "state" : {
        "branch" : "main",
        "revision" : "10973f2c0fe3e3c6d9121112928d1d65f0d65aeb"
      }
    },
    {
      "identity" : "timecodekit",
      "kind" : "remoteSourceControl",
      "location" : "https://github.com/orchetect/TimecodeKit",
      "state" : {
        "branch" : "main",
        "revision" : "c5b8de894bc52d691cbc2d6ed974670bea741230"
      }
    }
  ],
  "version" : 2
}
